Microsoft Visual Studio Solution File, Format Version 12.00
# Visual Studio Version 17
VisualStudioVersion = 17.5.2.0
MinimumVisualStudioVersion = 10.0.40219.1
Project("{FAE04EC0-301F-11D3-BF4B-00C04F79EFBC}") = "AspApp", "AspApp.csproj", "{977EB431-7513-13F3-EE22-B88D834D3327}"
EndProject
Global
	GlobalSection(SolutionConfigurationPlatforms) = preSolution
		Debug|Any CPU = Debug|Any CPU
		Release|Any CPU = Release|Any CPU
	EndGlobalSection
	GlobalSection(ProjectConfigurationPlatforms) = postSolution
		{977EB431-7513-13F3-EE22-B88D834D3327}.Debug|Any CPU.ActiveCfg = Debug|Any CPU
		{977EB431-7513-13F3-EE22-B88D834D3327}.Debug|Any CPU.Build.0 = Debug|Any CPU
		{977EB431-7513-13F3-EE22-B88D834D3327}.Release|Any CPU.ActiveCfg = Release|Any CPU
		{977EB431-7513-13F3-EE22-B88D834D3327}.Release|Any CPU.Build.0 = Release|Any CPU
	EndGlobalSection
	GlobalSection(SolutionProperties) = preSolution
		HideSolutionNode = FALSE
	EndGlobalSection
	GlobalSection(ExtensibilityGlobals) = postSolution
		SolutionGuid = {E8769DA9-3754-4100-A7C2-05D10104887C}
	EndGlobalSection
EndGlobal
